
Microsoft Visual Studio Solution File, Format Version 12.00
# Visual Studio 15
VisualStudioVersion = 15.0.28010.2046
MinimumVisualStudioVersion = 10.0.40219.1
Project("{FAE04EC0-301F-11D3-BF4B-00C04F79EFBC}") = "WindowsFormsApp1", "WindowsFormsApp1.csproj", "{EEA8C636-39C4-4657-9BEF-75FA0FA90218}"
EndProject
Global
	GlobalSection(SolutionConfigurationPlatforms) = preSolution
		Debug|Any CPU = Debug|Any CPU
		Release|Any CPU = Release|Any CPU
	EndGlobalSection
	GlobalSection(ProjectConfigurationPlatforms) = postSolution
		{EEA8C636-39C4-4657-9BEF-75FA0FA90218}.Debug|Any CPU.ActiveCfg = Debug|Any CPU
		{EEA8C636-39C4-4657-9BEF-75FA0FA90218}.Debug|Any CPU.Build.0 = Debug|Any CPU
		{EEA8C636-39C4-4657-9BEF-75FA0FA90218}.Release|Any CPU.ActiveCfg = Release|Any CPU
		{EEA8C636-39C4-4657-9BEF-75FA0FA90218}.Release|Any CPU.Build.0 = Release|Any CPU
	EndGlobalSection
	GlobalSection(SolutionProperties) = preSolution
		HideSolutionNode = FALSE
	EndGlobalSection
	GlobalSection(ExtensibilityGlobals) = postSolution
		SolutionGuid = {9972538B-16EE-4160-8924-11661154EF8C}
	EndGlobalSection
EndGlobal
